// !$*UTF8*$!
{
	archiveVersion = 1;
	classes = {
	};
	objectVersion = 56;
	objects = {

/* Begin PBXBuildFile section */
		0235363500E7ED371FB4DBC2 /* libPods-UIpractice_문제.a in Frameworks */ = {isa = PBXBuildFile; fileRef = EC8C6B28079FB638BC74C9FE /* libPods-UIpractice_문제.a */; };
		BEBF53DE2A52BA800058C895 /* AppDelegate.swift in Sources */ = {isa = PBXBuildFile; fileRef = BEBF53DD2A52BA800058C895 /* AppDelegate.swift */; };
		BEBF53E02A52BA800058C895 /* SceneDelegate.swift in Sources */ = {isa = PBXBuildFile; fileRef = BEBF53DF2A52BA800058C895 /* SceneDelegate.swift */; };
		BEBF53E22A52BA800058C895 /* ViewController.swift in Sources */ = {isa = PBXBuildFile; fileRef = BEBF53E12A52BA800058C895 /* ViewController.swift */; };
		BEBF53E52A52BA800058C895 /* Main.storyboard in Resources */ = {isa = PBXBuildFile; fileRef = BEBF53E32A52BA800058C895 /* Main.storyboard */; };
		BEBF53E82A52BA800058C895 /* UIpractice______.xcdatamodeld in Sources */ = {isa = PBXBuildFile; fileRef = BEBF53E62A52BA800058C895 /* UIpractice______.xcdatamodeld */; };
		BEBF53EA2A52BA810058C895 /* Assets.xcassets in Resources */ = {isa = PBXBuildFile; fileRef = BEBF53E92A52BA810058C895 /* Assets.xcassets */; };
		BEBF53ED2A52BA810058C895 /* LaunchScreen.storyboard in Resources */ = {isa = PBXBuildFile; fileRef = BEBF53EB2A52BA810058C895 /* LaunchScreen.storyboard */; };
		BEBF53F82A52BA810058C895 /* UIpractice______Tests.swift in Sources */ = {isa = PBXBuildFile; fileRef = BEBF53F72A52BA810058C895 /* UIpractice______Tests.swift */; };
		BEBF54022A52BA810058C895 /* UIpractice______UITests.swift in Sources */ = {isa = PBXBuildFile; fileRef = BEBF54012A52BA810058C895 /* UIpractice______UITests.swift */; };
		BEBF54042A52BA810058C895 /* UIpractice______UITestsLaunchTests.swift in Sources */ = {isa = PBXBuildFile; fileRef = BEBF54032A52BA810058C895 /* UIpractice______UITestsLaunchTests.swift */; };
		BEBF54112A52BA930058C895 /* CollectionViewCell.swift in Sources */ = {isa = PBXBuildFile; fileRef = BEBF54102A52BA930058C895 /* CollectionViewCell.swift */; };
/* End PBXBuildFile section */

/* Begin PBXContainerItemProxy section */
		BEBF53F42A52BA810058C895 /* PBXContainerItemProxy */ = {
			isa = PBXContainerItemProxy;
			containerPortal = BEBF53D22A52BA800058C895 /* Project object */;
			proxyType = 1;
			remoteGlobalIDString = BEBF53D92A52BA800058C895;
			remoteInfo = "UIpractice_문제";
		};
		BEBF53FE2A52BA810058C895 /* PBXContainerItemProxy */ = {
			isa = PBXContainerItemProxy;
			containerPortal = BEBF53D22A52BA800058C895 /* Project object */;
			proxyType = 1;
			remoteGlobalIDString = BEBF53D92A52BA800058C895;
			remoteInfo = "UIpractice_문제";
		};
/* End PBXContainerItemProxy section */

/* Begin PBXFileReference section */
		9F046A71956B132D47CDD122 /* Pods-UIpractice_문제.release.xcconfig */ = {isa = PBXFileReference; includeInIndex = 1; lastKnownFileType = text.xcconfig; name = "Pods-UIpractice_문제.release.xcconfig"; path = "Target Support Files/Pods-UIpractice_문제/Pods-UIpractice_문제.release.xcconfig"; sourceTree = "<group>"; };
		B6D0A89E6509BE2FAB3EAB7C /* Pods-UIpractice_문제.debug.xcconfig */ = {isa = PBXFileReference; includeInIndex = 1; lastKnownFileType = text.xcconfig; name = "Pods-UIpractice_문제.debug.xcconfig"; path = "Target Support Files/Pods-UIpractice_문제/Pods-UIpractice_문제.debug.xcconfig"; sourceTree = "<group>"; };
		BEBF53DA2A52BA800058C895 /* UIpractice_문제.app */ = {isa = PBXFileReference; explicitFileType = wrapper.application; includeInIndex = 0; path = "UIpractice_문제.app"; sourceTree = BUILT_PRODUCTS_DIR; };
		BEBF53DD2A52BA800058C895 /* AppDelegate.swift */ = {isa = PBXFileReference; lastKnownFileType = sourcecode.swift; path = AppDelegate.swift; sourceTree = "<group>"; };
		BEBF53DF2A52BA800058C895 /* SceneDelegate.swift */ = {isa = PBXFileReference; lastKnownFileType = sourcecode.swift; path = SceneDelegate.swift; sourceTree = "<group>"; };
		BEBF53E12A52BA800058C895 /* ViewController.swift */ = {isa = PBXFileReference; lastKnownFileType = sourcecode.swift; path = ViewController.swift; sourceTree = "<group>"; };
		BEBF53E42A52BA800058C895 /* Base */ = {isa = PBXFileReference; lastKnownFileType = file.storyboard; name = Base; path = Base.lproj/Main.storyboard; sourceTree = "<group>"; };
		BEBF53E72A52BA800058C895 /* UIpractice______.xcdatamodel */ = {isa = PBXFileReference; lastKnownFileType = wrapper.xcdatamodel; path = "UIpractice______.xcdatamodel"; sourceTree = "<group>"; };
		BEBF53E92A52BA810058C895 /* Assets.xcassets */ = {isa = PBXFileReference; lastKnownFileType = folder.assetcatalog; path = Assets.xcassets; sourceTree = "<group>"; };
		BEBF53EC2A52BA810058C895 /* Base */ = {isa = PBXFileReference; lastKnownFileType = file.storyboard; name = Base; path = Base.lproj/LaunchScreen.storyboard; sourceTree = "<group>"; };
		BEBF53EE2A52BA810058C895 /* Info.plist */ = {isa = PBXFileReference; lastKnownFileType = text.plist.xml; path = Info.plist; sourceTree = "<group>"; };
		BEBF53F32A52BA810058C895 /* UIpractice_문제Tests.xctest */ = {isa = PBXFileReference; explicitFileType = wrapper.cfbundle; includeInIndex = 0; path = "UIpractice_문제Tests.xctest"; sourceTree = BUILT_PRODUCTS_DIR; };
		BEBF53F72A52BA810058C895 /* UIpractice______Tests.swift */ = {isa = PBXFileReference; lastKnownFileType = sourcecode.swift; path = "UIpractice______Tests.swift"; sourceTree = "<group>"; };
		BEBF53FD2A52BA810058C895 /* UIpractice_문제UITests.xctest */ = {isa = PBXFileReference; explicitFileType = wrapper.cfbundle; includeInIndex = 0; path = "UIpractice_문제UITests.xctest"; sourceTree = BUILT_PRODUCTS_DIR; };
		BEBF54012A52BA810058C895 /* UIpractice______UITests.swift */ = {isa = PBXFileReference; lastKnownFileType = sourcecode.swift; path = "UIpractice______UITests.swift"; sourceTree = "<group>"; };
		BEBF54032A52BA810058C895 /* UIpractice______UITestsLaunchTests.swift */ = {isa = PBXFileReference; lastKnownFileType = sourcecode.swift; path = "UIpractice______UITestsLaunchTests.swift"; sourceTree = "<group>"; };
		BEBF54102A52BA930058C895 /* CollectionViewCell.swift */ = {isa = PBXFileReference; lastKnownFileType = sourcecode.swift; path = CollectionViewCell.swift; sourceTree = "<group>"; };
		EC8C6B28079FB638BC74C9FE /* libPods-UIpractice_문제.a */ = {isa = PBXFileReference; explicitFileType = archive.ar; includeInIndex = 0; path = "libPods-UIpractice_문제.a"; sourceTree = BUILT_PRODUCTS_DIR; };
/* End PBXFileReference section */

/* Begin PBXFrameworksBuildPhase section */
		BEBF53D72A52BA800058C895 /* Frameworks */ = {
			isa = PBXFrameworksBuildPhase;
			buildActionMask = 2147483647;
			files = (
				0235363500E7ED371FB4DBC2 /* libPods-UIpractice_문제.a in Frameworks */,
			);
			runOnlyForDeploymentPostprocessing = 0;
		};
		BEBF53F02A52BA810058C895 /* Frameworks */ = {
			isa = PBXFrameworksBuildPhase;
			buildActionMask = 2147483647;
			files = (
			);
			runOnlyForDeploymentPostprocessing = 0;
		};
		BEBF53FA2A52BA810058C895 /* Frameworks */ = {
			isa = PBXFrameworksBuildPhase;
			buildActionMask = 2147483647;
			files = (
			);
			runOnlyForDeploymentPostprocessing = 0;
		};
/* End PBXFrameworksBuildPhase section */

/* Begin PBXGroup section */
		BE31BABFB6EA4B1C5A0D28DD /* Frameworks */ = {
			isa = PBXGroup;
			children = (
				EC8C6B28079FB638BC74C9FE /* libPods-UIpractice_문제.a */,
			);
			name = Frameworks;
			sourceTree = "<group>";
		};
		BEBF53D12A52BA800058C895 = {
			isa = PBXGroup;
			children = (
				BEBF53DC2A52BA800058C895 /* UIpractice_문제 */,
				BEBF53F62A52BA810058C895 /* UIpractice_문제Tests */,
				BEBF54002A52BA810058C895 /* UIpractice_문제UITests */,
				BEBF53DB2A52BA800058C895 /* Products */,
				E07907FBEE6F0E79F81AD636 /* Pods */,
				BE31BABFB6EA4B1C5A0D28DD /* Frameworks */,
			);
			sourceTree = "<group>";
		};
		BEBF53DB2A52BA800058C895 /* Products */ = {
			isa = PBXGroup;
			children = (
				BEBF53DA2A52BA800058C895 /* UIpractice_문제.app */,
				BEBF53F32A52BA810058C895 /* UIpractice_문제Tests.xctest */,
				BEBF53FD2A52BA810058C895 /* UIpractice_문제UITests.xctest */,
			);
			name = Products;
			sourceTree = "<group>";
		};
		BEBF53DC2A52BA800058C895 /* UIpractice_문제 */ = {
			isa = PBXGroup;
			children = (
				BEBF53DD2A52BA800058C895 /* AppDelegate.swift */,
				BEBF53DF2A52BA800058C895 /* SceneDelegate.swift */,
				BEBF53E12A52BA800058C895 /* ViewController.swift */,
				BEBF54102A52BA930058C895 /* CollectionViewCell.swift */,
				BEBF53E32A52BA800058C895 /* Main.storyboard */,
				BEBF53E92A52BA810058C895 /* Assets.xcassets */,
				BEBF53EB2A52BA810058C895 /* LaunchScreen.storyboard */,
				BEBF53EE2A52BA810058C895 /* Info.plist */,
				BEBF53E62A52BA800058C895 /* UIpractice______.xcdatamodeld */,
			);
			path = "UIpractice_문제";
			sourceTree = "<group>";
		};
		BEBF53F62A52BA810058C895 /* UIpractice_문제Tests */ = {
			isa = PBXGroup;
			children = (
				BEBF53F72A52BA810058C895 /* UIpractice______Tests.swift */,
			);
			path = "UIpractice_문제Tests";
			sourceTree = "<group>";
		};
		BEBF54002A52BA810058C895 /* UIpractice_문제UITests */ = {
			isa = PBXGroup;
			children = (
				BEBF54012A52BA810058C895 /* UIpractice______UITests.swift */,
				BEBF54032A52BA810058C895 /* UIpractice______UITestsLaunchTests.swift */,
			);
			path = "UIpractice_문제UITests";
			sourceTree = "<group>";
		};
		E07907FBEE6F0E79F81AD636 /* Pods */ = {
			isa = PBXGroup;
			children = (
				B6D0A89E6509BE2FAB3EAB7C /* Pods-UIpractice_문제.debug.xcconfig */,
				9F046A71956B132D47CDD122 /* Pods-UIpractice_문제.release.xcconfig */,
			);
			path = Pods;
			sourceTree = "<group>";
		};
/* End PBXGroup section */

/* Begin PBXNativeTarget section */
		BEBF53D92A52BA800058C895 /* UIpractice_문제 */ = {
			isa = PBXNativeTarget;
			buildConfigurationList = BEBF54072A52BA810058C895 /* Build configuration list for PBXNativeTarget "UIpractice_문제" */;
			buildPhases = (
				2A49FD99CAB027EE8182E51D /* [CP] Check Pods Manifest.lock */,
				BEBF53D62A52BA800058C895 /* Sources */,
				BEBF53D72A52BA800058C895 /* Frameworks */,
				BEBF53D82A52BA800058C895 /* Resources */,
			);
			buildRules = (
			);
			dependencies = (
			);
			name = "UIpractice_문제";
			productName = "UIpractice_문제";
			productReference = BEBF53DA2A52BA800058C895 /* UIpractice_문제.app */;
			productType = "com.apple.product-type.application";
		};
		BEBF53F22A52BA810058C895 /* UIpractice_문제Tests */ = {
			isa = PBXNativeTarget;
			buildConfigurationList = BEBF540A2A52BA810058C895 /* Build configuration list for PBXNativeTarget "UIpractice_문제Tests" */;
			buildPhases = (
				BEBF53EF2A52BA810058C895 /* Sources */,
				BEBF53F02A52BA810058C895 /* Frameworks */,
				BEBF53F12A52BA810058C895 /* Resources */,
			);
			buildRules = (
			);
			dependencies = (
				BEBF53F52A52BA810058C895 /* PBXTargetDependency */,
			);
			name = "UIpractice_문제Tests";
			productName = "UIpractice_문제Tests";
			productReference = BEBF53F32A52BA810058C895 /* UIpractice_문제Tests.xctest */;
			productType = "com.apple.product-type.bundle.unit-test";
		};
		BEBF53FC2A52BA810058C895 /* UIpractice_문제UITests */ = {
			isa = PBXNativeTarget;
			buildConfigurationList = BEBF540D2A52BA810058C895 /* Build configuration list for PBXNativeTarget "UIpractice_문제UITests" */;
			buildPhases = (
				BEBF53F92A52BA810058C895 /* Sources */,
				BEBF53FA2A52BA810058C895 /* Frameworks */,
				BEBF53FB2A52BA810058C895 /* Resources */,
			);
			buildRules = (
			);
			dependencies = (
				BEBF53FF2A52BA810058C895 /* PBXTargetDependency */,
			);
			name = "UIpractice_문제UITests";
			productName = "UIpractice_문제UITests";
			productReference = BEBF53FD2A52BA810058C895 /* UIpractice_문제UITests.xctest */;
			productType = "com.apple.product-type.bundle.ui-testing";
		};
/* End PBXNativeTarget section */

/* Begin PBXProject section */
		BEBF53D22A52BA800058C895 /* Project object */ = {
			isa = PBXProject;
			attributes = {
				BuildIndependentTargetsInParallel = 1;
				LastSwiftUpdateCheck = 1430;
				LastUpgradeCheck = 1430;
				TargetAttributes = {
					BEBF53D92A52BA800058C895 = {
						CreatedOnToolsVersion = 14.3.1;
					};
					BEBF53F22A52BA810058C895 = {
						CreatedOnToolsVersion = 14.3.1;
						TestTargetID = BEBF53D92A52BA800058C895;
					};
					BEBF53FC2A52BA810058C895 = {
						CreatedOnToolsVersion = 14.3.1;
						TestTargetID = BEBF53D92A52BA800058C895;
					};
				};
			};
			buildConfigurationList = BEBF53D52A52BA800058C895 /* Build configuration list for PBXProject "UIpractice_문제" */;
			compatibilityVersion = "Xcode 14.0";
			developmentRegion = en;
			hasScannedForEncodings = 0;
			knownRegions = (
				en,
				Base,
			);
			mainGroup = BEBF53D12A52BA800058C895;
			packageReferences = (
				5E7BEA7E2BDF9B23005EB56C /* XCRemoteSwiftPackageReference "SnapKit" */,
			);
			productRefGroup = BEBF53DB2A52BA800058C895 /* Products */;
			projectDirPath = "";
			projectRoot = "";
			targets = (
				BEBF53D92A52BA800058C895 /* UIpractice_문제 */,
				BEBF53F22A52BA810058C895 /* UIpractice_문제Tests */,
				BEBF53FC2A52BA810058C895 /* UIpractice_문제UITests */,
			);
		};
/* End PBXProject section */

/* Begin PBXResourcesBuildPhase section */
		BEBF53D82A52BA800058C895 /* Resources */ = {
			isa = PBXResourcesBuildPhase;
			buildActionMask = 2147483647;
			files = (
				BEBF53ED2A52BA810058C895 /* LaunchScreen.storyboard in Resources */,
				BEBF53EA2A52BA810058C895 /* Assets.xcassets in Resources */,
				BEBF53E52A52BA800058C895 /* Main.storyboard in Resources */,
			);
			runOnlyForDeploymentPostprocessing = 0;
		};
		BEBF53F12A52BA810058C895 /* Resources */ = {
			isa = PBXResourcesBuildPhase;
			buildActionMask = 2147483647;
			files = (
			);
			runOnlyForDeploymentPostprocessing = 0;
		};
		BEBF53FB2A52BA810058C895 /* Resources */ = {
			isa = PBXResourcesBuildPhase;
			buildActionMask = 2147483647;
			files = (
			);
			runOnlyForDeploymentPostprocessing = 0;
		};
/* End PBXResourcesBuildPhase section */

/* Begin PBXShellScriptBuildPhase section */
		2A49FD99CAB027EE8182E51D /* [CP] Check Pods Manifest.lock */ = {
			isa = PBXShellScriptBuildPhase;
			buildActionMask = 2147483647;
			files = (
			);
			inputFileListPaths = (
			);
			inputPaths = (
				"${PODS_PODFILE_DIR_PATH}/Podfile.lock",
				"${PODS_ROOT}/Manifest.lock",
			);
			name = "[CP] Check Pods Manifest.lock";
			outputFileListPaths = (
			);
			outputPaths = (
				"$(DERIVED_FILE_DIR)/Pods-UIpractice_문제-checkManifestLockResult.txt",
			);
			runOnlyForDeploymentPostprocessing = 0;
			shellPath = /bin/sh;
			shellScript = "diff \"${PODS_PODFILE_DIR_PATH}/Podfile.lock\" \"${PODS_ROOT}/Manifest.lock\" > /dev/null\nif [ $? != 0 ] ; then\n    # print error to STDERR\n    echo \"error: The sandbox is not in sync with the Podfile.lock. Run 'pod install' or update your CocoaPods installation.\" >&2\n    exit 1\nfi\n# This output is used by Xcode 'outputs' to avoid re-running this script phase.\necho \"SUCCESS\" > \"${SCRIPT_OUTPUT_FILE_0}\"\n";
			showEnvVarsInLog = 0;
		};
/* End PBXShellScriptBuildPhase section */

/* Begin PBXSourcesBuildPhase section */
		BEBF53D62A52BA800058C895 /* Sources */ = {
			isa = PBXSourcesBuildPhase;
			buildActionMask = 2147483647;
			files = (
				BEBF54112A52BA930058C895 /* CollectionViewCell.swift in Sources */,
				BEBF53E82A52BA800058C895 /* UIpractice______.xcdatamodeld in Sources */,
				BEBF53E22A52BA800058C895 /* ViewController.swift in Sources */,
				BEBF53DE2A52BA800058C895 /* AppDelegate.swift in Sources */,
				BEBF53E02A52BA800058C895 /* SceneDelegate.swift in Sources */,
			);
			runOnlyForDeploymentPostprocessing = 0;
		};
		BEBF53EF2A52BA810058C895 /* Sources */ = {
			isa = PBXSourcesBuildPhase;
			buildActionMask = 2147483647;
			files = (
				BEBF53F82A52BA810058C895 /* UIpractice______Tests.swift in Sources */,
			);
			runOnlyForDeploymentPostprocessing = 0;
		};
		BEBF53F92A52BA810058C895 /* Sources */ = {
			isa = PBXSourcesBuildPhase;
			buildActionMask = 2147483647;
			files = (
				BEBF54022A52BA810058C895 /* UIpractice______UITests.swift in Sources */,
				BEBF54042A52BA810058C895 /* UIpractice______UITestsLaunchTests.swift in Sources */,
			);
			runOnlyForDeploymentPostprocessing = 0;
		};
/* End PBXSourcesBuildPhase section */

/* Begin PBXTargetDependency section */
		BEBF53F52A52BA810058C895 /* PBXTargetDependency */ = {
			isa = PBXTargetDependency;
			target = BEBF53D92A52BA800058C895 /* UIpractice_문제 */;
			targetProxy = BEBF53F42A52BA810058C895 /* PBXContainerItemProxy */;
		};
		BEBF53FF2A52BA810058C895 /* PBXTargetDependency */ = {
			isa = PBXTargetDependency;
			target = BEBF53D92A52BA800058C895 /* UIpractice_문제 */;
			targetProxy = BEBF53FE2A52BA810058C895 /* PBXContainerItemProxy */;
		};
/* End PBXTargetDependency section */

/* Begin PBXVariantGroup section */
		BEBF53E32A52BA800058C895 /* Main.storyboard */ = {
			isa = PBXVariantGroup;
			children = (
				BEBF53E42A52BA800058C895 /* Base */,
			);
			name = Main.storyboard;
			sourceTree = "<group>";
		};
		BEBF53EB2A52BA810058C895 /* LaunchScreen.storyboard */ = {
			isa = PBXVariantGroup;
			children = (
				BEBF53EC2A52BA810058C895 /* Base */,
			);
			name = LaunchScreen.storyboard;
			sourceTree = "<group>";
		};
/* End PBXVariantGroup section */

/* Begin XCBuildConfiguration section */
		BEBF54052A52BA810058C895 /* Debug */ = {
			isa = XCBuildConfiguration;
			buildSettings = {
				ALWAYS_SEARCH_USER_PATHS = NO;
				CLANG_ANALYZER_NONNULL = YES;
				CLANG_ANALYZER_NUMBER_OBJECT_CONVERSION = YES_AGGRESSIVE;
				CLANG_CXX_LANGUAGE_STANDARD = "gnu++20";
				CLANG_ENABLE_MODULES = YES;
				CLANG_ENABLE_OBJC_ARC = YES;
				CLANG_ENABLE_OBJC_WEAK = YES;
				CLANG_WARN_BLOCK_CAPTURE_AUTORELEASING = YES;
				CLANG_WARN_BOOL_CONVERSION = YES;
				CLANG_WARN_COMMA = YES;
				CLANG_WARN_CONSTANT_CONVERSION = YES;
				CLANG_WARN_DEPRECATED_OBJC_IMPLEMENTATIONS = YES;
				CLANG_WARN_DIRECT_OBJC_ISA_USAGE = YES_ERROR;
				CLANG_WARN_DOCUMENTATION_COMMENTS = YES;
				CLANG_WARN_EMPTY_BODY = YES;
				CLANG_WARN_ENUM_CONVERSION = YES;
				CLANG_WARN_INFINITE_RECURSION = YES;
				CLANG_WARN_INT_CONVERSION = YES;
				CLANG_WARN_NON_LITERAL_NULL_CONVERSION = YES;
				CLANG_WARN_OBJC_IMPLICIT_RETAIN_SELF = YES;
				CLANG_WARN_OBJC_LITERAL_CONVERSION = YES;
				CLANG_WARN_OBJC_ROOT_CLASS = YES_ERROR;
				CLANG_WARN_QUOTED_INCLUDE_IN_FRAMEWORK_HEADER = YES;
				CLANG_WARN_RANGE_LOOP_ANALYSIS = YES;
				CLANG_WARN_STRICT_PROTOTYPES = YES;
				CLANG_WARN_SUSPICIOUS_MOVE = YES;
				CLANG_WARN_UNGUARDED_AVAILABILITY = YES_AGGRESSIVE;
				CLANG_WARN_UNREACHABLE_CODE = YES;
				CLANG_WARN__DUPLICATE_METHOD_MATCH = YES;
				COPY_PHASE_STRIP = NO;
				DEBUG_INFORMATION_FORMAT = dwarf;
				ENABLE_STRICT_OBJC_MSGSEND = YES;
				ENABLE_TESTABILITY = YES;
				GCC_C_LANGUAGE_STANDARD = gnu11;
				GCC_DYNAMIC_NO_PIC = NO;
				GCC_NO_COMMON_BLOCKS = YES;
				GCC_OPTIMIZATION_LEVEL = 0;
				GCC_PREPROCESSOR_DEFINITIONS = (
					"DEBUG=1",
					"$(inherited)",
				);
				GCC_WARN_64_TO_32_BIT_CONVERSION = YES;
				GCC_WARN_ABOUT_RETURN_TYPE = YES_ERROR;
				GCC_WARN_UNDECLARED_SELECTOR = YES;
				GCC_WARN_UNINITIALIZED_AUTOS = YES_AGGRESSIVE;
				GCC_WARN_UNUSED_FUNCTION = YES;
				GCC_WARN_UNUSED_VARIABLE = YES;
				IPHONEOS_DEPLOYMENT_TARGET = 16.4;
				MTL_ENABLE_DEBUG_INFO = INCLUDE_SOURCE;
				MTL_FAST_MATH = YES;
				ONLY_ACTIVE_ARCH = YES;
				SDKROOT = iphoneos;
				SWIFT_ACTIVE_COMPILATION_CONDITIONS = DEBUG;
				SWIFT_OPTIMIZATION_LEVEL = "-Onone";
			};
			name = Debug;
		};
		BEBF54062A52BA810058C895 /* Release */ = {
			isa = XCBuildConfiguration;
			buildSettings = {
				ALWAYS_SEARCH_USER_PATHS = NO;
				CLANG_ANALYZER_NONNULL = YES;
				CLANG_ANALYZER_NUMBER_OBJECT_CONVERSION = YES_AGGRESSIVE;
				CLANG_CXX_LANGUAGE_STANDARD = "gnu++20";
				CLANG_ENABLE_MODULES = YES;
				CLANG_ENABLE_OBJC_ARC = YES;
				CLANG_ENABLE_OBJC_WEAK = YES;
				CLANG_WARN_BLOCK_CAPTURE_AUTORELEASING = YES;
				CLANG_WARN_BOOL_CONVERSION = YES;
				CLANG_WARN_COMMA = YES;
				CLANG_WARN_CONSTANT_CONVERSION = YES;
				CLANG_WARN_DEPRECATED_OBJC_IMPLEMENTATIONS = YES;
				CLANG_WARN_DIRECT_OBJC_ISA_USAGE = YES_ERROR;
				CLANG_WARN_DOCUMENTATION_COMMENTS = YES;
				CLANG_WARN_EMPTY_BODY = YES;
				CLANG_WARN_ENUM_CONVERSION = YES;
				CLANG_WARN_INFINITE_RECURSION = YES;
				CLANG_WARN_INT_CONVERSION = YES;
				CLANG_WARN_NON_LITERAL_NULL_CONVERSION = YES;
				CLANG_WARN_OBJC_IMPLICIT_RETAIN_SELF = YES;
				CLANG_WARN_OBJC_LITERAL_CONVERSION = YES;
				CLANG_WARN_OBJC_ROOT_CLASS = YES_ERROR;
				CLANG_WARN_QUOTED_INCLUDE_IN_FRAMEWORK_HEADER = YES;
				CLANG_WARN_RANGE_LOOP_ANALYSIS = YES;
				CLANG_WARN_STRICT_PROTOTYPES = YES;
				CLANG_WARN_SUSPICIOUS_MOVE = YES;
				CLANG_WARN_UNGUARDED_AVAILABILITY = YES_AGGRESSIVE;
				CLANG_WARN_UNREACHABLE_CODE = YES;
				CLANG_WARN__DUPLICATE_METHOD_MATCH = YES;
				COPY_PHASE_STRIP = NO;
				DEBUG_INFORMATION_FORMAT = "dwarf-with-dsym";
				ENABLE_NS_ASSERTIONS = NO;
				ENABLE_STRICT_OBJC_MSGSEND = YES;
				GCC_C_LANGUAGE_STANDARD = gnu11;
				GCC_NO_COMMON_BLOCKS = YES;
				GCC_WARN_64_TO_32_BIT_CONVERSION = YES;
				GCC_WARN_ABOUT_RETURN_TYPE = YES_ERROR;
				GCC_WARN_UNDECLARED_SELECTOR = YES;
				GCC_WARN_UNINITIALIZED_AUTOS = YES_AGGRESSIVE;
				GCC_WARN_UNUSED_FUNCTION = YES;
				GCC_WARN_UNUSED_VARIABLE = YES;
				IPHONEOS_DEPLOYMENT_TARGET = 16.4;
				MTL_ENABLE_DEBUG_INFO = NO;
				MTL_FAST_MATH = YES;
				SDKROOT = iphoneos;
				SWIFT_COMPILATION_MODE = wholemodule;
				SWIFT_OPTIMIZATION_LEVEL = "-O";
				VALIDATE_PRODUCT = YES;
			};
			name = Release;
		};
		BEBF54082A52BA810058C895 /* Debug */ = {
			isa = XCBuildConfiguration;
			baseConfigurationReference = B6D0A89E6509BE2FAB3EAB7C /* Pods-UIpractice_문제.debug.xcconfig */;
			buildSettings = {
				ASSETCATALOG_COMPILER_APPICON_NAME = AppIcon;
				ASSETCATALOG_COMPILER_GLOBAL_ACCENT_COLOR_NAME = AccentColor;
				CODE_SIGN_STYLE = Automatic;
				CURRENT_PROJECT_VERSION = 1;
				GENERATE_INFOPLIST_FILE = YES;
				INFOPLIST_FILE = "UIpractice_문제/Info.plist";
				INFOPLIST_KEY_UIApplicationSupportsIndirectInputEvents = YES;
				INFOPLIST_KEY_UILaunchStoryboardName = LaunchScreen;
				INFOPLIST_KEY_UIMainStoryboardFile = Main;
				INFOPLIST_KEY_UISupportedInterfaceOrientations_iPad = "UIInterfaceOrientationPortrait UIInterfaceOrientationPortraitUpsideDown UIInterfaceOrientationLandscapeLeft UIInterfaceOrientationLandscapeRight";
				INFOPLIST_KEY_UISupportedInterfaceOrientations_iPhone = "UIInterfaceOrientationPortrait UIInterfaceOrientationLandscapeLeft UIInterfaceOrientationLandscapeRight";
				LD_RUNPATH_SEARCH_PATHS = (
					"$(inherited)",
					"@executable_path/Frameworks",
				);
				MARKETING_VERSION = 1.0;
				PRODUCT_BUNDLE_IDENTIFIER = "UIpractice.UIpractice------";
				PRODUCT_NAME = "$(TARGET_NAME)";
				SWIFT_EMIT_LOC_STRINGS = YES;
				SWIFT_VERSION = 5.0;
				TARGETED_DEVICE_FAMILY = "1,2";
			};
			name = Debug;
		};
		BEBF54092A52BA810058C895 /* Release */ = {
			isa = XCBuildConfiguration;
			baseConfigurationReference = 9F046A71956B132D47CDD122 /* Pods-UIpractice_문제.release.xcconfig */;
			buildSettings = {
				ASSETCATALOG_COMPILER_APPICON_NAME = AppIcon;
				ASSETCATALOG_COMPILER_GLOBAL_ACCENT_COLOR_NAME = AccentColor;
				CODE_SIGN_STYLE = Automatic;
				CURRENT_PROJECT_VERSION = 1;
				GENERATE_INFOPLIST_FILE = YES;
				INFOPLIST_FILE = "UIpractice_문제/Info.plist";
				INFOPLIST_KEY_UIApplicationSupportsIndirectInputEvents = YES;
				INFOPLIST_KEY_UILaunchStoryboardName = LaunchScreen;
				INFOPLIST_KEY_UIMainStoryboardFile = Main;
				INFOPLIST_KEY_UISupportedInterfaceOrientations_iPad = "UIInterfaceOrientationPortrait UIInterfaceOrientationPortraitUpsideDown UIInterfaceOrientationLandscapeLeft UIInterfaceOrientationLandscapeRight";
				INFOPLIST_KEY_UISupportedInterfaceOrientations_iPhone = "UIInterfaceOrientationPortrait UIInterfaceOrientationLandscapeLeft UIInterfaceOrientationLandscapeRight";
				LD_RUNPATH_SEARCH_PATHS = (
					"$(inherited)",
					"@executable_path/Frameworks",
				);
				MARKETING_VERSION = 1.0;
				PRODUCT_BUNDLE_IDENTIFIER = "UIpractice.UIpractice------";
				PRODUCT_NAME = "$(TARGET_NAME)";
				SWIFT_EMIT_LOC_STRINGS = YES;
				SWIFT_VERSION = 5.0;
				TARGETED_DEVICE_FAMILY = "1,2";
			};
			name = Release;
		};
		BEBF540B2A52BA810058C895 /* Debug */ = {
			isa = XCBuildConfiguration;
			buildSettings = {
				ALWAYS_EMBED_SWIFT_STANDARD_LIBRARIES = YES;
				BUNDLE_LOADER = "$(TEST_HOST)";
				CODE_SIGN_STYLE = Automatic;
				CURRENT_PROJECT_VERSION = 1;
				GENERATE_INFOPLIST_FILE = YES;
				IPHONEOS_DEPLOYMENT_TARGET = 16.4;
				MARKETING_VERSION = 1.0;
				PRODUCT_BUNDLE_IDENTIFIER = "UIpractice.UIpractice------Tests";
				PRODUCT_NAME = "$(TARGET_NAME)";
				SWIFT_EMIT_LOC_STRINGS = NO;
				SWIFT_VERSION = 5.0;
				TARGETED_DEVICE_FAMILY = "1,2";
				TEST_HOST = "$(BUILT_PRODUCTS_DIR)/UIpractice_문제.app/$(BUNDLE_EXECUTABLE_FOLDER_PATH)/UIpractice_문제";
			};
			name = Debug;
		};
		BEBF540C2A52BA810058C895 /* Release */ = {
			isa = XCBuildConfiguration;
			buildSettings = {
				ALWAYS_EMBED_SWIFT_STANDARD_LIBRARIES = YES;
				BUNDLE_LOADER = "$(TEST_HOST)";
				CODE_SIGN_STYLE = Automatic;
				CURRENT_PROJECT_VERSION = 1;
				GENERATE_INFOPLIST_FILE = YES;
				IPHONEOS_DEPLOYMENT_TARGET = 16.4;
				MARKETING_VERSION = 1.0;
				PRODUCT_BUNDLE_IDENTIFIER = "UIpractice.UIpractice------Tests";
				PRODUCT_NAME = "$(TARGET_NAME)";
				SWIFT_EMIT_LOC_STRINGS = NO;
				SWIFT_VERSION = 5.0;
				TARGETED_DEVICE_FAMILY = "1,2";
				TEST_HOST = "$(BUILT_PRODUCTS_DIR)/UIpractice_문제.app/$(BUNDLE_EXECUTABLE_FOLDER_PATH)/UIpractice_문제";
			};
			name = Release;
		};
		BEBF540E2A52BA810058C895 /* Debug */ = {
			isa = XCBuildConfiguration;
			buildSettings = {
				ALWAYS_EMBED_SWIFT_STANDARD_LIBRARIES = YES;
				CODE_SIGN_STYLE = Automatic;
				CURRENT_PROJECT_VERSION = 1;
				GENERATE_INFOPLIST_FILE = YES;
				MARKETING_VERSION = 1.0;
				PRODUCT_BUNDLE_IDENTIFIER = "UIpractice.UIpractice------UITests";
				PRODUCT_NAME = "$(TARGET_NAME)";
				SWIFT_EMIT_LOC_STRINGS = NO;
				SWIFT_VERSION = 5.0;
				TARGETED_DEVICE_FAMILY = "1,2";
				TEST_TARGET_NAME = "UIpractice_문제";
			};
			name = Debug;
		};
		BEBF540F2A52BA810058C895 /* Release */ = {
			isa = XCBuildConfiguration;
			buildSettings = {
				ALWAYS_EMBED_SWIFT_STANDARD_LIBRARIES = YES;
				CODE_SIGN_STYLE = Automatic;
				CURRENT_PROJECT_VERSION = 1;
				GENERATE_INFOPLIST_FILE = YES;
				MARKETING_VERSION = 1.0;
				PRODUCT_BUNDLE_IDENTIFIER = "UIpractice.UIpractice------UITests";
				PRODUCT_NAME = "$(TARGET_NAME)";
				SWIFT_EMIT_LOC_STRINGS = NO;
				SWIFT_VERSION = 5.0;
				TARGETED_DEVICE_FAMILY = "1,2";
				TEST_TARGET_NAME = "UIpractice_문제";
			};
			name = Release;
		};
/* End XCBuildConfiguration section */

/* Begin XCConfigurationList section */
		BEBF53D52A52BA800058C895 /* Build configuration list for PBXProject "UIpractice_문제" */ = {
			isa = XCConfigurationList;
			buildConfigurations = (
				BEBF54052A52BA810058C895 /* Debug */,
				BEBF54062A52BA810058C895 /* Release */,
			);
			defaultConfigurationIsVisible = 0;
			defaultConfigurationName = Release;
		};
		BEBF54072A52BA810058C895 /* Build configuration list for PBXNativeTarget "UIpractice_문제" */ = {
			isa = XCConfigurationList;
			buildConfigurations = (
				BEBF54082A52BA810058C895 /* Debug */,
				BEBF54092A52BA810058C895 /* Release */,
			);
			defaultConfigurationIsVisible = 0;
			defaultConfigurationName = Release;
		};
		BEBF540A2A52BA810058C895 /* Build configuration list for PBXNativeTarget "UIpractice_문제Tests" */ = {
			isa = XCConfigurationList;
			buildConfigurations = (
				BEBF540B2A52BA810058C895 /* Debug */,
				BEBF540C2A52BA810058C895 /* Release */,
			);
			defaultConfigurationIsVisible = 0;
			defaultConfigurationName = Release;
		};
		BEBF540D2A52BA810058C895 /* Build configuration list for PBXNativeTarget "UIpractice_문제UITests" */ = {
			isa = XCConfigurationList;
			buildConfigurations = (
				BEBF540E2A52BA810058C895 /* Debug */,
				BEBF540F2A52BA810058C895 /* Release */,
			);
			defaultConfigurationIsVisible = 0;
			defaultConfigurationName = Release;
		};
/* End XCConfigurationList section */

/* Begin XCRemoteSwiftPackageReference section */
		5E7BEA7E2BDF9B23005EB56C /* XCRemoteSwiftPackageReference "SnapKit" */ = {
			isa = XCRemoteSwiftPackageReference;
			repositoryURL = "https://github.com/SnapKit/SnapKit.git";
			requirement = {
				kind = upToNextMajorVersion;
				minimumVersion = 5.7.1;
			};
		};
/* End XCRemoteSwiftPackageReference section */

/* Begin XCVersionGroup section */
		BEBF53E62A52BA800058C895 /* UIpractice______.xcdatamodeld */ = {
			isa = XCVersionGroup;
			children = (
				BEBF53E72A52BA800058C895 /* UIpractice______.xcdatamodel */,
			);
			currentVersion = BEBF53E72A52BA800058C895 /* UIpractice______.xcdatamodel */;
			path = "UIpractice______.xcdatamodeld";
			sourceTree = "<group>";
			versionGroupType = wrapper.xcdatamodel;
		};
/* End XCVersionGroup section */
	};
	rootObject = BEBF53D22A52BA800058C895 /* Project object */;
}
