// !$*UTF8*$!
{
	archiveVersion = 1;
	classes = {
	};
	objectVersion = 56;
	objects = {

/* Begin PBXBuildFile section */
		5E7BEA652BDF7D9B005EB56C /* AppDelegate.swift in Sources */ = {isa = PBXBuildFile; fileRef = 5E7BEA642BDF7D9B005EB56C /* AppDelegate.swift */; };
		5E7BEA672BDF7D9B005EB56C /* SceneDelegate.swift in Sources */ = {isa = PBXBuildFile; fileRef = 5E7BEA662BDF7D9B005EB56C /* SceneDelegate.swift */; };
		5E7BEA692BDF7D9B005EB56C /* ViewController.swift in Sources */ = {isa = PBXBuildFile; fileRef = 5E7BEA682BDF7D9B005EB56C /* ViewController.swift */; };
		5E7BEA6C2BDF7D9B005EB56C /* Base in Resources */ = {isa = PBXBuildFile; fileRef = 5E7BEA6B2BDF7D9B005EB56C /* Base */; };
		5E7BEA6E2BDF7D9B005EB56C /* Assets.xcassets in Resources */ = {isa = PBXBuildFile; fileRef = 5E7BEA6D2BDF7D9B005EB56C /* Assets.xcassets */; };
		5E7BEA712BDF7D9B005EB56C /* Base in Resources */ = {isa = PBXBuildFile; fileRef = 5E7BEA702BDF7D9B005EB56C /* Base */; };
		5E7BEA7B2BDF7F81005EB56C /* nextViewController.swift in Sources */ = {isa = PBXBuildFile; fileRef = 5E7BEA7A2BDF7F81005EB56C /* nextViewController.swift */; };
		5E7BEA7D2BDF8F32005EB56C /* makeCircle.swift in Sources */ = {isa = PBXBuildFile; fileRef = 5E7BEA7C2BDF8F32005EB56C /* makeCircle.swift */; };
/* End PBXBuildFile section */

/* Begin PBXFileReference section */
		5E7BEA612BDF7D9B005EB56C /* changingVC.app */ = {isa = PBXFileReference; explicitFileType = wrapper.application; includeInIndex = 0; path = changingVC.app; sourceTree = BUILT_PRODUCTS_DIR; };
		5E7BEA642BDF7D9B005EB56C /* AppDelegate.swift */ = {isa = PBXFileReference; lastKnownFileType = sourcecode.swift; path = AppDelegate.swift; sourceTree = "<group>"; };
		5E7BEA662BDF7D9B005EB56C /* SceneDelegate.swift */ = {isa = PBXFileReference; lastKnownFileType = sourcecode.swift; path = SceneDelegate.swift; sourceTree = "<group>"; };
		5E7BEA682BDF7D9B005EB56C /* ViewController.swift */ = {isa = PBXFileReference; lastKnownFileType = sourcecode.swift; path = ViewController.swift; sourceTree = "<group>"; };
		5E7BEA6B2BDF7D9B005EB56C /* Base */ = {isa = PBXFileReference; lastKnownFileType = file.storyboard; name = Base; path = Base.lproj/Main.storyboard; sourceTree = "<group>"; };
		5E7BEA6D2BDF7D9B005EB56C /* Assets.xcassets */ = {isa = PBXFileReference; lastKnownFileType = folder.assetcatalog; path = Assets.xcassets; sourceTree = "<group>"; };
		5E7BEA702BDF7D9B005EB56C /* Base */ = {isa = PBXFileReference; lastKnownFileType = file.storyboard; name = Base; path = Base.lproj/LaunchScreen.storyboard; sourceTree = "<group>"; };
		5E7BEA722BDF7D9B005EB56C /* Info.plist */ = {isa = PBXFileReference; lastKnownFileType = text.plist.xml; path = Info.plist; sourceTree = "<group>"; };
		5E7BEA7A2BDF7F81005EB56C /* nextViewController.swift */ = {isa = PBXFileReference; lastKnownFileType = sourcecode.swift; path = nextViewController.swift; sourceTree = "<group>"; };
		5E7BEA7C2BDF8F32005EB56C /* makeCircle.swift */ = {isa = PBXFileReference; lastKnownFileType = sourcecode.swift; path = makeCircle.swift; sourceTree = "<group>"; };
/* End PBXFileReference section */

/* Begin PBXFrameworksBuildPhase section */
		5E7BEA5E2BDF7D9B005EB56C /* Frameworks */ = {
			isa = PBXFrameworksBuildPhase;
			buildActionMask = 2147483647;
			files = (
			);
			runOnlyForDeploymentPostprocessing = 0;
		};
/* End PBXFrameworksBuildPhase section */

/* Begin PBXGroup section */
		5E7BEA582BDF7D9B005EB56C = {
			isa = PBXGroup;
			children = (
				5E7BEA632BDF7D9B005EB56C /* changingVC */,
				5E7BEA622BDF7D9B005EB56C /* Products */,
			);
			sourceTree = "<group>";
		};
		5E7BEA622BDF7D9B005EB56C /* Products */ = {
			isa = PBXGroup;
			children = (
				5E7BEA612BDF7D9B005EB56C /* changingVC.app */,
			);
			name = Products;
			sourceTree = "<group>";
		};
		5E7BEA632BDF7D9B005EB56C /* changingVC */ = {
			isa = PBXGroup;
			children = (
				5E7BEA642BDF7D9B005EB56C /* AppDelegate.swift */,
				5E7BEA662BDF7D9B005EB56C /* SceneDelegate.swift */,
				5E7BEA682BDF7D9B005EB56C /* ViewController.swift */,
				5E7BEA6A2BDF7D9B005EB56C /* Main.storyboard */,
				5E7BEA7C2BDF8F32005EB56C /* makeCircle.swift */,
				5E7BEA7A2BDF7F81005EB56C /* nextViewController.swift */,
				5E7BEA6D2BDF7D9B005EB56C /* Assets.xcassets */,
				5E7BEA6F2BDF7D9B005EB56C /* LaunchScreen.storyboard */,
				5E7BEA722BDF7D9B005EB56C /* Info.plist */,
			);
			path = changingVC;
			sourceTree = "<group>";
		};
/* End PBXGroup section */

/* Begin PBXNativeTarget section */
		5E7BEA602BDF7D9B005EB56C /* changingVC */ = {
			isa = PBXNativeTarget;
			buildConfigurationList = 5E7BEA752BDF7D9B005EB56C /* Build configuration list for PBXNativeTarget "changingVC" */;
			buildPhases = (
				5E7BEA5D2BDF7D9B005EB56C /* Sources */,
				5E7BEA5E2BDF7D9B005EB56C /* Frameworks */,
				5E7BEA5F2BDF7D9B005EB56C /* Resources */,
			);
			buildRules = (
			);
			dependencies = (
			);
			name = changingVC;
			productName = changingVC;
			productReference = 5E7BEA612BDF7D9B005EB56C /* changingVC.app */;
			productType = "com.apple.product-type.application";
		};
/* End PBXNativeTarget section */

/* Begin PBXProject section */
		5E7BEA592BDF7D9B005EB56C /* Project object */ = {
			isa = PBXProject;
			attributes = {
				BuildIndependentTargetsInParallel = 1;
				LastSwiftUpdateCheck = 1530;
				LastUpgradeCheck = 1530;
				TargetAttributes = {
					5E7BEA602BDF7D9B005EB56C = {
						CreatedOnToolsVersion = 15.3;
					};
				};
			};
			buildConfigurationList = 5E7BEA5C2BDF7D9B005EB56C /* Build configuration list for PBXProject "changingVC" */;
			compatibilityVersion = "Xcode 14.0";
			developmentRegion = en;
			hasScannedForEncodings = 0;
			knownRegions = (
				en,
				Base,
			);
			mainGroup = 5E7BEA582BDF7D9B005EB56C;
			productRefGroup = 5E7BEA622BDF7D9B005EB56C /* Products */;
			projectDirPath = "";
			projectRoot = "";
			targets = (
				5E7BEA602BDF7D9B005EB56C /* changingVC */,
			);
		};
/* End PBXProject section */

/* Begin PBXResourcesBuildPhase section */
		5E7BEA5F2BDF7D9B005EB56C /* Resources */ = {
			isa = PBXResourcesBuildPhase;
			buildActionMask = 2147483647;
			files = (
				5E7BEA6E2BDF7D9B005EB56C /* Assets.xcassets in Resources */,
				5E7BEA712BDF7D9B005EB56C /* Base in Resources */,
				5E7BEA6C2BDF7D9B005EB56C /* Base in Resources */,
			);
			runOnlyForDeploymentPostprocessing = 0;
		};
/* End PBXResourcesBuildPhase section */

/* Begin PBXSourcesBuildPhase section */
		5E7BEA5D2BDF7D9B005EB56C /* Sources */ = {
			isa = PBXSourcesBuildPhase;
			buildActionMask = 2147483647;
			files = (
				5E7BEA692BDF7D9B005EB56C /* ViewController.swift in Sources */,
				5E7BEA7B2BDF7F81005EB56C /* nextViewController.swift in Sources */,
				5E7BEA652BDF7D9B005EB56C /* AppDelegate.swift in Sources */,
				5E7BEA672BDF7D9B005EB56C /* SceneDelegate.swift in Sources */,
				5E7BEA7D2BDF8F32005EB56C /* makeCircle.swift in Sources */,
			);
			runOnlyForDeploymentPostprocessing = 0;
		};
/* End PBXSourcesBuildPhase section */

/* Begin PBXVariantGroup section */
		5E7BEA6A2BDF7D9B005EB56C /* Main.storyboard */ = {
			isa = PBXVariantGroup;
			children = (
				5E7BEA6B2BDF7D9B005EB56C /* Base */,
			);
			name = Main.storyboard;
			sourceTree = "<group>";
		};
		5E7BEA6F2BDF7D9B005EB56C /* LaunchScreen.storyboard */ = {
			isa = PBXVariantGroup;
			children = (
				5E7BEA702BDF7D9B005EB56C /* Base */,
			);
			name = LaunchScreen.storyboard;
			sourceTree = "<group>";
		};
/* End PBXVariantGroup section */

/* Begin XCBuildConfiguration section */
		5E7BEA732BDF7D9B005EB56C /* Debug */ = {
			isa = XCBuildConfiguration;
			buildSettings = {
				ALWAYS_SEARCH_USER_PATHS = NO;
				ASSETCATALOG_COMPILER_GENERATE_SWIFT_ASSET_SYMBOL_EXTENSIONS = YES;
				CLANG_ANALYZER_NONNULL = YES;
				CLANG_ANALYZER_NUMBER_OBJECT_CONVERSION = YES_AGGRESSIVE;
				CLANG_CXX_LANGUAGE_STANDARD = "gnu++20";
				CLANG_ENABLE_MODULES = YES;
				CLANG_ENABLE_OBJC_ARC = YES;
				CLANG_ENABLE_OBJC_WEAK = YES;
				CLANG_WARN_BLOCK_CAPTURE_AUTORELEASING = YES;
				CLANG_WARN_BOOL_CONVERSION = YES;
				CLANG_WARN_COMMA = YES;
				CLANG_WARN_CONSTANT_CONVERSION = YES;
				CLANG_WARN_DEPRECATED_OBJC_IMPLEMENTATIONS = YES;
				CLANG_WARN_DIRECT_OBJC_ISA_USAGE = YES_ERROR;
				CLANG_WARN_DOCUMENTATION_COMMENTS = YES;
				CLANG_WARN_EMPTY_BODY = YES;
				CLANG_WARN_ENUM_CONVERSION = YES;
				CLANG_WARN_INFINITE_RECURSION = YES;
				CLANG_WARN_INT_CONVERSION = YES;
				CLANG_WARN_NON_LITERAL_NULL_CONVERSION = YES;
				CLANG_WARN_OBJC_IMPLICIT_RETAIN_SELF = YES;
				CLANG_WARN_OBJC_LITERAL_CONVERSION = YES;
				CLANG_WARN_OBJC_ROOT_CLASS = YES_ERROR;
				CLANG_WARN_QUOTED_INCLUDE_IN_FRAMEWORK_HEADER = YES;
				CLANG_WARN_RANGE_LOOP_ANALYSIS = YES;
				CLANG_WARN_STRICT_PROTOTYPES = YES;
				CLANG_WARN_SUSPICIOUS_MOVE = YES;
				CLANG_WARN_UNGUARDED_AVAILABILITY = YES_AGGRESSIVE;
				CLANG_WARN_UNREACHABLE_CODE = YES;
				CLANG_WARN__DUPLICATE_METHOD_MATCH = YES;
				COPY_PHASE_STRIP = NO;
				DEBUG_INFORMATION_FORMAT = dwarf;
				ENABLE_STRICT_OBJC_MSGSEND = YES;
				ENABLE_TESTABILITY = YES;
				ENABLE_USER_SCRIPT_SANDBOXING = YES;
				GCC_C_LANGUAGE_STANDARD = gnu17;
				GCC_DYNAMIC_NO_PIC = NO;
				GCC_NO_COMMON_BLOCKS = YES;
				GCC_OPTIMIZATION_LEVEL = 0;
				GCC_PREPROCESSOR_DEFINITIONS = (
					"DEBUG=1",
					"$(inherited)",
				);
				GCC_WARN_64_TO_32_BIT_CONVERSION = YES;
				GCC_WARN_ABOUT_RETURN_TYPE = YES_ERROR;
				GCC_WARN_UNDECLARED_SELECTOR = YES;
				GCC_WARN_UNINITIALIZED_AUTOS = YES_AGGRESSIVE;
				GCC_WARN_UNUSED_FUNCTION = YES;
				GCC_WARN_UNUSED_VARIABLE = YES;
				IPHONEOS_DEPLOYMENT_TARGET = 17.4;
				LOCALIZATION_PREFERS_STRING_CATALOGS = YES;
				MTL_ENABLE_DEBUG_INFO = INCLUDE_SOURCE;
				MTL_FAST_MATH = YES;
				ONLY_ACTIVE_ARCH = YES;
				SDKROOT = iphoneos;
				SWIFT_ACTIVE_COMPILATION_CONDITIONS = "DEBUG $(inherited)";
				SWIFT_OPTIMIZATION_LEVEL = "-Onone";
			};
			name = Debug;
		};
		5E7BEA742BDF7D9B005EB56C /* Release */ = {
			isa = XCBuildConfiguration;
			buildSettings = {
				ALWAYS_SEARCH_USER_PATHS = NO;
				ASSETCATALOG_COMPILER_GENERATE_SWIFT_ASSET_SYMBOL_EXTENSIONS = YES;
				CLANG_ANALYZER_NONNULL = YES;
				CLANG_ANALYZER_NUMBER_OBJECT_CONVERSION = YES_AGGRESSIVE;
				CLANG_CXX_LANGUAGE_STANDARD = "gnu++20";
				CLANG_ENABLE_MODULES = YES;
				CLANG_ENABLE_OBJC_ARC = YES;
				CLANG_ENABLE_OBJC_WEAK = YES;
				CLANG_WARN_BLOCK_CAPTURE_AUTORELEASING = YES;
				CLANG_WARN_BOOL_CONVERSION = YES;
				CLANG_WARN_COMMA = YES;
				CLANG_WARN_CONSTANT_CONVERSION = YES;
				CLANG_WARN_DEPRECATED_OBJC_IMPLEMENTATIONS = YES;
				CLANG_WARN_DIRECT_OBJC_ISA_USAGE = YES_ERROR;
				CLANG_WARN_DOCUMENTATION_COMMENTS = YES;
				CLANG_WARN_EMPTY_BODY = YES;
				CLANG_WARN_ENUM_CONVERSION = YES;
				CLANG_WARN_INFINITE_RECURSION = YES;
				CLANG_WARN_INT_CONVERSION = YES;
				CLANG_WARN_NON_LITERAL_NULL_CONVERSION = YES;
				CLANG_WARN_OBJC_IMPLICIT_RETAIN_SELF = YES;
				CLANG_WARN_OBJC_LITERAL_CONVERSION = YES;
				CLANG_WARN_OBJC_ROOT_CLASS = YES_ERROR;
				CLANG_WARN_QUOTED_INCLUDE_IN_FRAMEWORK_HEADER = YES;
				CLANG_WARN_RANGE_LOOP_ANALYSIS = YES;
				CLANG_WARN_STRICT_PROTOTYPES = YES;
				CLANG_WARN_SUSPICIOUS_MOVE = YES;
				CLANG_WARN_UNGUARDED_AVAILABILITY = YES_AGGRESSIVE;
				CLANG_WARN_UNREACHABLE_CODE = YES;
				CLANG_WARN__DUPLICATE_METHOD_MATCH = YES;
				COPY_PHASE_STRIP = NO;
				DEBUG_INFORMATION_FORMAT = "dwarf-with-dsym";
				ENABLE_NS_ASSERTIONS = NO;
				ENABLE_STRICT_OBJC_MSGSEND = YES;
				ENABLE_USER_SCRIPT_SANDBOXING = YES;
				GCC_C_LANGUAGE_STANDARD = gnu17;
				GCC_NO_COMMON_BLOCKS = YES;
				GCC_WARN_64_TO_32_BIT_CONVERSION = YES;
				GCC_WARN_ABOUT_RETURN_TYPE = YES_ERROR;
				GCC_WARN_UNDECLARED_SELECTOR = YES;
				GCC_WARN_UNINITIALIZED_AUTOS = YES_AGGRESSIVE;
				GCC_WARN_UNUSED_FUNCTION = YES;
				GCC_WARN_UNUSED_VARIABLE = YES;
				IPHONEOS_DEPLOYMENT_TARGET = 17.4;
				LOCALIZATION_PREFERS_STRING_CATALOGS = YES;
				MTL_ENABLE_DEBUG_INFO = NO;
				MTL_FAST_MATH = YES;
				SDKROOT = iphoneos;
				SWIFT_COMPILATION_MODE = wholemodule;
				VALIDATE_PRODUCT = YES;
			};
			name = Release;
		};
		5E7BEA762BDF7D9B005EB56C /* Debug */ = {
			isa = XCBuildConfiguration;
			buildSettings = {
				ASSETCATALOG_COMPILER_APPICON_NAME = AppIcon;
				ASSETCATALOG_COMPILER_GLOBAL_ACCENT_COLOR_NAME = AccentColor;
				CODE_SIGN_STYLE = Automatic;
				CURRENT_PROJECT_VERSION = 1;
				GENERATE_INFOPLIST_FILE = YES;
				INFOPLIST_FILE = changingVC/Info.plist;
				INFOPLIST_KEY_UIApplicationSupportsIndirectInputEvents = YES;
				INFOPLIST_KEY_UILaunchStoryboardName = LaunchScreen;
				INFOPLIST_KEY_UIMainStoryboardFile = Main;
				INFOPLIST_KEY_UISupportedInterfaceOrientations_iPad = "UIInterfaceOrientationPortrait UIInterfaceOrientationPortraitUpsideDown UIInterfaceOrientationLandscapeLeft UIInterfaceOrientationLandscapeRight";
				INFOPLIST_KEY_UISupportedInterfaceOrientations_iPhone = "UIInterfaceOrientationPortrait UIInterfaceOrientationLandscapeLeft UIInterfaceOrientationLandscapeRight";
				LD_RUNPATH_SEARCH_PATHS = (
					"$(inherited)",
					"@executable_path/Frameworks",
				);
				MARKETING_VERSION = 1.0;
				PRODUCT_BUNDLE_IDENTIFIER = com.JustinLee.changingVC;
				PRODUCT_NAME = "$(TARGET_NAME)";
				SWIFT_EMIT_LOC_STRINGS = YES;
				SWIFT_VERSION = 5.0;
				TARGETED_DEVICE_FAMILY = "1,2";
			};
			name = Debug;
		};
		5E7BEA772BDF7D9B005EB56C /* Release */ = {
			isa = XCBuildConfiguration;
			buildSettings = {
				ASSETCATALOG_COMPILER_APPICON_NAME = AppIcon;
				ASSETCATALOG_COMPILER_GLOBAL_ACCENT_COLOR_NAME = AccentColor;
				CODE_SIGN_STYLE = Automatic;
				CURRENT_PROJECT_VERSION = 1;
				GENERATE_INFOPLIST_FILE = YES;
				INFOPLIST_FILE = changingVC/Info.plist;
				INFOPLIST_KEY_UIApplicationSupportsIndirectInputEvents = YES;
				INFOPLIST_KEY_UILaunchStoryboardName = LaunchScreen;
				INFOPLIST_KEY_UIMainStoryboardFile = Main;
				INFOPLIST_KEY_UISupportedInterfaceOrientations_iPad = "UIInterfaceOrientationPortrait UIInterfaceOrientationPortraitUpsideDown UIInterfaceOrientationLandscapeLeft UIInterfaceOrientationLandscapeRight";
				INFOPLIST_KEY_UISupportedInterfaceOrientations_iPhone = "UIInterfaceOrientationPortrait UIInterfaceOrientationLandscapeLeft UIInterfaceOrientationLandscapeRight";
				LD_RUNPATH_SEARCH_PATHS = (
					"$(inherited)",
					"@executable_path/Frameworks",
				);
				MARKETING_VERSION = 1.0;
				PRODUCT_BUNDLE_IDENTIFIER = com.JustinLee.changingVC;
				PRODUCT_NAME = "$(TARGET_NAME)";
				SWIFT_EMIT_LOC_STRINGS = YES;
				SWIFT_VERSION = 5.0;
				TARGETED_DEVICE_FAMILY = "1,2";
			};
			name = Release;
		};
/* End XCBuildConfiguration section */

/* Begin XCConfigurationList section */
		5E7BEA5C2BDF7D9B005EB56C /* Build configuration list for PBXProject "changingVC" */ = {
			isa = XCConfigurationList;
			buildConfigurations = (
				5E7BEA732BDF7D9B005EB56C /* Debug */,
				5E7BEA742BDF7D9B005EB56C /* Release */,
			);
			defaultConfigurationIsVisible = 0;
			defaultConfigurationName = Release;
		};
		5E7BEA752BDF7D9B005EB56C /* Build configuration list for PBXNativeTarget "changingVC" */ = {
			isa = XCConfigurationList;
			buildConfigurations = (
				5E7BEA762BDF7D9B005EB56C /* Debug */,
				5E7BEA772BDF7D9B005EB56C /* Release */,
			);
			defaultConfigurationIsVisible = 0;
			defaultConfigurationName = Release;
		};
/* End XCConfigurationList section */
	};
	rootObject = 5E7BEA592BDF7D9B005EB56C /* Project object */;
}
